
Microsoft Visual Studio Solution File, Format Version 11.00
# Visual Studio 2010
Project("{FAE04EC0-301F-11D3-BF4B-00C04F79EFBC}") = "Assembly-CSharp", "Assembly-CSharp.csproj", "{6ff261ac-60cd-629b-43a3-84aebfeeb847}"
EndProject
Project("{FAE04EC0-301F-11D3-BF4B-00C04F79EFBC}") = "Assembly-CSharp-Editor", "Assembly-CSharp-Editor.csproj", "{8c030686-3e15-3719-c51c-8db46e7170af}"
EndProject
Global
	GlobalSection(SolutionConfigurationPlatforms) = preSolution
		Debug|Any CPU = Debug|Any CPU
	EndGlobalSection
	GlobalSection(ProjectConfigurationPlatforms) = postSolution
		{6ff261ac-60cd-629b-43a3-84aebfeeb847}.Debug|Any CPU.ActiveCfg = Debug|Any CPU
		{6ff261ac-60cd-629b-43a3-84aebfeeb847}.Debug|Any CPU.Build.0 = Debug|Any CPU
		{8c030686-3e15-3719-c51c-8db46e7170af}.Debug|Any CPU.ActiveCfg = Debug|Any CPU
		{8c030686-3e15-3719-c51c-8db46e7170af}.Debug|Any CPU.Build.0 = Debug|Any CPU
	EndGlobalSection
	GlobalSection(SolutionProperties) = preSolution
		HideSolutionNode = FALSE
	EndGlobalSection
EndGlobal
